
Microsoft Visual Studio Solution File, Format Version 12.00
# Visual Studio Version 17
VisualStudioVersion = 17.8.34330.188
MinimumVisualStudioVersion = 10.0.40219.1
Project("{9A19103F-16F7-4668-BE54-9A1E7A4F7556}") = "NTierArchitecture.Entity", "NTierArchitecture.Entity\NTierArchitecture.Entity.csproj", "{A70ED1B2-056B-4530-967D-070F5FD4EED7}"
EndProject
Project("{9A19103F-16F7-4668-BE54-9A1E7A4F7556}") = "NTierArchitecture.DataAccess", "NTierArchitecture.DataAccess\NTierArchitecture.DataAccess.csproj", "{3EB729D9-BF3F-42F2-845A-4334BB936DA3}"
EndProject
Project("{FAE04EC0-301F-11D3-BF4B-00C04F79EFBC}") = "NTierArchitecture.Business", "NTierArchitecture.Business\NTierArchitecture.Business.csproj", "{65DB26BF-F419-4374-AC2D-382131F1E507}"
EndProject
Global
	GlobalSection(SolutionConfigurationPlatforms) = preSolution
		Debug|Any CPU = Debug|Any CPU
		Release|Any CPU = Release|Any CPU
	EndGlobalSection
	GlobalSection(ProjectConfigurationPlatforms) = postSolution
		{A70ED1B2-056B-4530-967D-070F5FD4EED7}.Debug|Any CPU.ActiveCfg = Debug|Any CPU
		{A70ED1B2-056B-4530-967D-070F5FD4EED7}.Debug|Any CPU.Build.0 = Debug|Any CPU
		{A70ED1B2-056B-4530-967D-070F5FD4EED7}.Release|Any CPU.ActiveCfg = Release|Any CPU
		{A70ED1B2-056B-4530-967D-070F5FD4EED7}.Release|Any CPU.Build.0 = Release|Any CPU
		{3EB729D9-BF3F-42F2-845A-4334BB936DA3}.Debug|Any CPU.ActiveCfg = Debug|Any CPU
		{3EB729D9-BF3F-42F2-845A-4334BB936DA3}.Debug|Any CPU.Build.0 = Debug|Any CPU
		{3EB729D9-BF3F-42F2-845A-4334BB936DA3}.Release|Any CPU.ActiveCfg = Release|Any CPU
		{3EB729D9-BF3F-42F2-845A-4334BB936DA3}.Release|Any CPU.Build.0 = Release|Any CPU
		{65DB26BF-F419-4374-AC2D-382131F1E507}.Debug|Any CPU.ActiveCfg = Debug|Any CPU
		{65DB26BF-F419-4374-AC2D-382131F1E507}.Debug|Any CPU.Build.0 = Debug|Any CPU
		{65DB26BF-F419-4374-AC2D-382131F1E507}.Release|Any CPU.ActiveCfg = Release|Any CPU
		{65DB26BF-F419-4374-AC2D-382131F1E507}.Release|Any CPU.Build.0 = Release|Any CPU
	EndGlobalSection
	GlobalSection(SolutionProperties) = preSolution
		HideSolutionNode = FALSE
	EndGlobalSection
	GlobalSection(ExtensibilityGlobals) = postSolution
		SolutionGuid = {62ACD933-2CC1-45C6-841B-B5B09C1BE48B}
	EndGlobalSection
EndGlobal
